
Microsoft Visual Studio Solution File, Format Version 12.00
# Visual Studio Version 17
VisualStudioVersion = 17.11.35222.181
MinimumVisualStudioVersion = 10.0.40219.1
Project("{FAE04EC0-301F-11D3-BF4B-00C04F79EFBC}") = "Lab1(1)", "Lab1(1)\Lab1(1).csproj", "{9BBE3E50-F796-40E2-96F0-977EB71D6C2E}"
EndProject
Global
	GlobalSection(SolutionConfigurationPlatforms) = preSolution
		Debug|Any CPU = Debug|Any CPU
		Release|Any CPU = Release|Any CPU
	EndGlobalSection
	GlobalSection(ProjectConfigurationPlatforms) = postSolution
		{9BBE3E50-F796-40E2-96F0-977EB71D6C2E}.Debug|Any CPU.ActiveCfg = Debug|Any CPU
		{9BBE3E50-F796-40E2-96F0-977EB71D6C2E}.Debug|Any CPU.Build.0 = Debug|Any CPU
		{9BBE3E50-F796-40E2-96F0-977EB71D6C2E}.Release|Any CPU.ActiveCfg = Release|Any CPU
		{9BBE3E50-F796-40E2-96F0-977EB71D6C2E}.Release|Any CPU.Build.0 = Release|Any CPU
	EndGlobalSection
	GlobalSection(SolutionProperties) = preSolution
		HideSolutionNode = FALSE
	EndGlobalSection
	GlobalSection(ExtensibilityGlobals) = postSolution
		SolutionGuid = {BB596DC9-6D7E-4E2C-B220-8B8DE8DDD610}
	EndGlobalSection
EndGlobal
